// !$*UTF8*$!
{
	archiveVersion = 1;
	classes = {
	};
	objectVersion = 50;
	objects = {

/* Begin PBXBuildFile section */
		0A2CEA1920E58D7900CD2A3F /* DetailView.m in Sources */ = {isa = PBXBuildFile; fileRef = 0A2CEA1820E58D7900CD2A3F /* DetailView.m */; };
		0A44BBF720E40ADB0049626A /* AppDelegate.m in Sources */ = {isa = PBXBuildFile; fileRef = 0A44BBF620E40ADB0049626A /* AppDelegate.m */; };
		0A44BBFD20E40ADB0049626A /* Main.storyboard in Resources */ = {isa = PBXBuildFile; fileRef = 0A44BBFB20E40ADB0049626A /* Main.storyboard */; };
		0A44BBFF20E40ADC0049626A /* Assets.xcassets in Resources */ = {isa = PBXBuildFile; fileRef = 0A44BBFE20E40ADC0049626A /* Assets.xcassets */; };
		0A44BC0220E40ADC0049626A /* LaunchScreen.storyboard in Resources */ = {isa = PBXBuildFile; fileRef = 0A44BC0020E40ADC0049626A /* LaunchScreen.storyboard */; };
		0A44BC0520E40ADC0049626A /* main.m in Sources */ = {isa = PBXBuildFile; fileRef = 0A44BC0420E40ADC0049626A /* main.m */; };
		0A44BC0F20E40ADC0049626A /* FlixxTests.m in Sources */ = {isa = PBXBuildFile; fileRef = 0A44BC0E20E40ADC0049626A /* FlixxTests.m */; };
		0A44BC1A20E40ADC0049626A /* FlixxUITests.m in Sources */ = {isa = PBXBuildFile; fileRef = 0A44BC1920E40ADC0049626A /* FlixxUITests.m */; };
		0A44BC2920E4162E0049626A /* MoviesViewController.m in Sources */ = {isa = PBXBuildFile; fileRef = 0A44BC2820E4162E0049626A /* MoviesViewController.m */; };
		0A82259F20E6E4AA00F1E42B /* TrailerViewViewController.m in Sources */ = {isa = PBXBuildFile; fileRef = 0A82259E20E6E4AA00F1E42B /* TrailerViewViewController.m */; };
		0A8225A120E6F60200F1E42B /* WebKit.framework in Frameworks */ = {isa = PBXBuildFile; fileRef = 0A8225A020E6F60200F1E42B /* WebKit.framework */; };
		0AA54A1A20E55C0D005C3B54 /* MovieCell.m in Sources */ = {isa = PBXBuildFile; fileRef = 0AA54A1920E55C0D005C3B54 /* MovieCell.m */; };
		1B8FE0F4960BB5055CE9C5B0 /* libPods-FlixxUITests.a in Frameworks */ = {isa = PBXBuildFile; fileRef = 21C38630D2D16955CBCEB2CD /* libPods-FlixxUITests.a */; };
		960A82D570F32125B7BC1820 /* libPods-Flixx.a in Frameworks */ = {isa = PBXBuildFile; fileRef = 019102C28676FE8F2BDBD8A9 /* libPods-Flixx.a */; };
		D011676D6688E2416D90A0A8 /* libPods-FlixxTests.a in Frameworks */ = {isa = PBXBuildFile; fileRef = 2EC757DFFCF1CB0EAE7407E6 /* libPods-FlixxTests.a */; };
/* End PBXBuildFile section */

/* Begin PBXContainerItemProxy section */
		0A44BC0B20E40ADC0049626A /* PBXContainerItemProxy */ = {
			isa = PBXContainerItemProxy;
			containerPortal = 0A44BBEA20E40ADB0049626A /* Project object */;
			proxyType = 1;
			remoteGlobalIDString = 0A44BBF120E40ADB0049626A;
			remoteInfo = Flixx;
		};
		0A44BC1620E40ADC0049626A /* PBXContainerItemProxy */ = {
			isa = PBXContainerItemProxy;
			containerPortal = 0A44BBEA20E40ADB0049626A /* Project object */;
			proxyType = 1;
			remoteGlobalIDString = 0A44BBF120E40ADB0049626A;
			remoteInfo = Flixx;
		};
/* End PBXContainerItemProxy section */

/* Begin PBXFileReference section */
		019102C28676FE8F2BDBD8A9 /* libPods-Flixx.a */ = {isa = PBXFileReference; explicitFileType = archive.ar; includeInIndex = 0; path = "libPods-Flixx.a"; sourceTree = BUILT_PRODUCTS_DIR; };
		0A2CEA1720E58D7900CD2A3F /* DetailView.h */ = {isa = PBXFileReference; lastKnownFileType = sourcecode.c.h; path = DetailView.h; sourceTree = "<group>"; };
		0A2CEA1820E58D7900CD2A3F /* DetailView.m */ = {isa = PBXFileReference; lastKnownFileType = sourcecode.c.objc; path = DetailView.m; sourceTree = "<group>"; };
		0A44BBF220E40ADB0049626A /* Flixx.app */ = {isa = PBXFileReference; explicitFileType = wrapper.application; includeInIndex = 0; path = Flixx.app; sourceTree = BUILT_PRODUCTS_DIR; };
		0A44BBF520E40ADB0049626A /* AppDelegate.h */ = {isa = PBXFileReference; lastKnownFileType = sourcecode.c.h; path = AppDelegate.h; sourceTree = "<group>"; };
		0A44BBF620E40ADB0049626A /* AppDelegate.m */ = {isa = PBXFileReference; lastKnownFileType = sourcecode.c.objc; path = AppDelegate.m; sourceTree = "<group>"; };
		0A44BBFC20E40ADB0049626A /* Base */ = {isa = PBXFileReference; lastKnownFileType = file.storyboard; name = Base; path = Base.lproj/Main.storyboard; sourceTree = "<group>"; };
		0A44BBFE20E40ADC0049626A /* Assets.xcassets */ = {isa = PBXFileReference; lastKnownFileType = folder.assetcatalog; path = Assets.xcassets; sourceTree = "<group>"; };
		0A44BC0120E40ADC0049626A /* Base */ = {isa = PBXFileReference; lastKnownFileType = file.storyboard; name = Base; path = Base.lproj/LaunchScreen.storyboard; sourceTree = "<group>"; };
		0A44BC0320E40ADC0049626A /* Info.plist */ = {isa = PBXFileReference; lastKnownFileType = text.plist.xml; path = Info.plist; sourceTree = "<group>"; };
		0A44BC0420E40ADC0049626A /* main.m */ = {isa = PBXFileReference; lastKnownFileType = sourcecode.c.objc; path = main.m; sourceTree = "<group>"; };
		0A44BC0A20E40ADC0049626A /* FlixxTests.xctest */ = {isa = PBXFileReference; explicitFileType = wrapper.cfbundle; includeInIndex = 0; path = FlixxTests.xctest; sourceTree = BUILT_PRODUCTS_DIR; };
		0A44BC0E20E40ADC0049626A /* FlixxTests.m */ = {isa = PBXFileReference; lastKnownFileType = sourcecode.c.objc; path = FlixxTests.m; sourceTree = "<group>"; };
		0A44BC1020E40ADC0049626A /* Info.plist */ = {isa = PBXFileReference; lastKnownFileType = text.plist.xml; path = Info.plist; sourceTree = "<group>"; };
		0A44BC1520E40ADC0049626A /* FlixxUITests.xctest */ = {isa = PBXFileReference; explicitFileType = wrapper.cfbundle; includeInIndex = 0; path = FlixxUITests.xctest; sourceTree = BUILT_PRODUCTS_DIR; };
		0A44BC1920E40ADC0049626A /* FlixxUITests.m */ = {isa = PBXFileReference; lastKnownFileType = sourcecode.c.objc; path = FlixxUITests.m; sourceTree = "<group>"; };
		0A44BC1B20E40ADC0049626A /* Info.plist */ = {isa = PBXFileReference; lastKnownFileType = text.plist.xml; path = Info.plist; sourceTree = "<group>"; };
		0A44BC2720E4162E0049626A /* MoviesViewController.h */ = {isa = PBXFileReference; lastKnownFileType = sourcecode.c.h; path = MoviesViewController.h; sourceTree = "<group>"; };
		0A44BC2820E4162E0049626A /* MoviesViewController.m */ = {isa = PBXFileReference; lastKnownFileType = sourcecode.c.objc; path = MoviesViewController.m; sourceTree = "<group>"; };
		0A82259D20E6E4AA00F1E42B /* TrailerViewViewController.h */ = {isa = PBXFileReference; lastKnownFileType = sourcecode.c.h; path = TrailerViewViewController.h; sourceTree = "<group>"; };
		0A82259E20E6E4AA00F1E42B /* TrailerViewViewController.m */ = {isa = PBXFileReference; lastKnownFileType = sourcecode.c.objc; path = TrailerViewViewController.m; sourceTree = "<group>"; };
		0A8225A020E6F60200F1E42B /* WebKit.framework */ = {isa = PBXFileReference; lastKnownFileType = wrapper.framework; name = WebKit.framework; path = System/Library/Frameworks/WebKit.framework; sourceTree = SDKROOT; };
		0AA54A1820E55C0D005C3B54 /* MovieCell.h */ = {isa = PBXFileReference; lastKnownFileType = sourcecode.c.h; path = MovieCell.h; sourceTree = "<group>"; };
		0AA54A1920E55C0D005C3B54 /* MovieCell.m */ = {isa = PBXFileReference; lastKnownFileType = sourcecode.c.objc; path = MovieCell.m; sourceTree = "<group>"; };
		1D6EB693E71A3E20D1BD4CE6 /* Pods-FlixxUITests.release.xcconfig */ = {isa = PBXFileReference; includeInIndex = 1; lastKnownFileType = text.xcconfig; name = "Pods-FlixxUITests.release.xcconfig"; path = "Pods/Target Support Files/Pods-FlixxUITests/Pods-FlixxUITests.release.xcconfig"; sourceTree = "<group>"; };
		21C38630D2D16955CBCEB2CD /* libPods-FlixxUITests.a */ = {isa = PBXFileReference; explicitFileType = archive.ar; includeInIndex = 0; path = "libPods-FlixxUITests.a"; sourceTree = BUILT_PRODUCTS_DIR; };
		2C85FFA5DB5A60C35D68CCDF /* Pods-Flixx.release.xcconfig */ = {isa = PBXFileReference; includeInIndex = 1; lastKnownFileType = text.xcconfig; name = "Pods-Flixx.release.xcconfig"; path = "Pods/Target Support Files/Pods-Flixx/Pods-Flixx.release.xcconfig"; sourceTree = "<group>"; };
		2EC757DFFCF1CB0EAE7407E6 /* libPods-FlixxTests.a */ = {isa = PBXFileReference; explicitFileType = archive.ar; includeInIndex = 0; path = "libPods-FlixxTests.a"; sourceTree = BUILT_PRODUCTS_DIR; };
		3B8DD910B984B1D4402071AE /* Pods-Flixx.debug.xcconfig */ = {isa = PBXFileReference; includeInIndex = 1; lastKnownFileType = text.xcconfig; name = "Pods-Flixx.debug.xcconfig"; path = "Pods/Target Support Files/Pods-Flixx/Pods-Flixx.debug.xcconfig"; sourceTree = "<group>"; };
		A94E41121E68C84C0E0C8687 /* Pods-FlixxUITests.debug.xcconfig */ = {isa = PBXFileReference; includeInIndex = 1; lastKnownFileType = text.xcconfig; name = "Pods-FlixxUITests.debug.xcconfig"; path = "Pods/Target Support Files/Pods-FlixxUITests/Pods-FlixxUITests.debug.xcconfig"; sourceTree = "<group>"; };
		B6A0BFE37D56E4E7578FB60F /* Pods-FlixxTests.debug.xcconfig */ = {isa = PBXFileReference; includeInIndex = 1; lastKnownFileType = text.xcconfig; name = "Pods-FlixxTests.debug.xcconfig"; path = "Pods/Target Support Files/Pods-FlixxTests/Pods-FlixxTests.debug.xcconfig"; sourceTree = "<group>"; };
		EAC2758013188BA3F42922D2 /* Pods-FlixxTests.release.xcconfig */ = {isa = PBXFileReference; includeInIndex = 1; lastKnownFileType = text.xcconfig; name = "Pods-FlixxTests.release.xcconfig"; path = "Pods/Target Support Files/Pods-FlixxTests/Pods-FlixxTests.release.xcconfig"; sourceTree = "<group>"; };
/* End PBXFileReference section */

/* Begin PBXFrameworksBuildPhase section */
		0A44BBEF20E40ADB0049626A /* Frameworks */ = {
			isa = PBXFrameworksBuildPhase;
			buildActionMask = 2147483647;
			files = (
				0A8225A120E6F60200F1E42B /* WebKit.framework in Frameworks */,
				960A82D570F32125B7BC1820 /* libPods-Flixx.a in Frameworks */,
			);
			runOnlyForDeploymentPostprocessing = 0;
		};
		0A44BC0720E40ADC0049626A /* Frameworks */ = {
			isa = PBXFrameworksBuildPhase;
			buildActionMask = 2147483647;
			files = (
				D011676D6688E2416D90A0A8 /* libPods-FlixxTests.a in Frameworks */,
			);
			runOnlyForDeploymentPostprocessing = 0;
		};
		0A44BC1220E40ADC0049626A /* Frameworks */ = {
			isa = PBXFrameworksBuildPhase;
			buildActionMask = 2147483647;
			files = (
				1B8FE0F4960BB5055CE9C5B0 /* libPods-FlixxUITests.a in Frameworks */,
			);
			runOnlyForDeploymentPostprocessing = 0;
		};
/* End PBXFrameworksBuildPhase section */

/* Begin PBXGroup section */
		0A44BBE920E40ADB0049626A = {
			isa = PBXGroup;
			children = (
				0A44BBF420E40ADB0049626A /* Flixx */,
				0A44BC0D20E40ADC0049626A /* FlixxTests */,
				0A44BC1820E40ADC0049626A /* FlixxUITests */,
				0A44BBF320E40ADB0049626A /* Products */,
				7F66E3109B9CBD3426187BDE /* Pods */,
				BEAE85E0EF554DAC78DFA2B3 /* Frameworks */,
			);
			sourceTree = "<group>";
		};
		0A44BBF320E40ADB0049626A /* Products */ = {
			isa = PBXGroup;
			children = (
				0A44BBF220E40ADB0049626A /* Flixx.app */,
				0A44BC0A20E40ADC0049626A /* FlixxTests.xctest */,
				0A44BC1520E40ADC0049626A /* FlixxUITests.xctest */,
			);
			name = Products;
			sourceTree = "<group>";
		};
		0A44BBF420E40ADB0049626A /* Flixx */ = {
			isa = PBXGroup;
			children = (
				0A44BBF520E40ADB0049626A /* AppDelegate.h */,
				0A44BBF620E40ADB0049626A /* AppDelegate.m */,
				0A44BBFB20E40ADB0049626A /* Main.storyboard */,
				0A82259D20E6E4AA00F1E42B /* TrailerViewViewController.h */,
				0A82259E20E6E4AA00F1E42B /* TrailerViewViewController.m */,
				0A2CEA1720E58D7900CD2A3F /* DetailView.h */,
				0A2CEA1820E58D7900CD2A3F /* DetailView.m */,
				0AA54A1820E55C0D005C3B54 /* MovieCell.h */,
				0AA54A1920E55C0D005C3B54 /* MovieCell.m */,
				0A44BBFE20E40ADC0049626A /* Assets.xcassets */,
				0A44BC0020E40ADC0049626A /* LaunchScreen.storyboard */,
				0A44BC0320E40ADC0049626A /* Info.plist */,
				0A44BC0420E40ADC0049626A /* main.m */,
				0A44BC2720E4162E0049626A /* MoviesViewController.h */,
				0A44BC2820E4162E0049626A /* MoviesViewController.m */,
			);
			path = Flixx;
			sourceTree = "<group>";
		};
		0A44BC0D20E40ADC0049626A /* FlixxTests */ = {
			isa = PBXGroup;
			children = (
				0A44BC0E20E40ADC0049626A /* FlixxTests.m */,
				0A44BC1020E40ADC0049626A /* Info.plist */,
			);
			path = FlixxTests;
			sourceTree = "<group>";
		};
		0A44BC1820E40ADC0049626A /* FlixxUITests */ = {
			isa = PBXGroup;
			children = (
				0A44BC1920E40ADC0049626A /* FlixxUITests.m */,
				0A44BC1B20E40ADC0049626A /* Info.plist */,
			);
			path = FlixxUITests;
			sourceTree = "<group>";
		};
		7F66E3109B9CBD3426187BDE /* Pods */ = {
			isa = PBXGroup;
			children = (
				3B8DD910B984B1D4402071AE /* Pods-Flixx.debug.xcconfig */,
				2C85FFA5DB5A60C35D68CCDF /* Pods-Flixx.release.xcconfig */,
				B6A0BFE37D56E4E7578FB60F /* Pods-FlixxTests.debug.xcconfig */,
				EAC2758013188BA3F42922D2 /* Pods-FlixxTests.release.xcconfig */,
				A94E41121E68C84C0E0C8687 /* Pods-FlixxUITests.debug.xcconfig */,
				1D6EB693E71A3E20D1BD4CE6 /* Pods-FlixxUITests.release.xcconfig */,
			);
			name = Pods;
			sourceTree = "<group>";
		};
		BEAE85E0EF554DAC78DFA2B3 /* Frameworks */ = {
			isa = PBXGroup;
			children = (
				0A8225A020E6F60200F1E42B /* WebKit.framework */,
				019102C28676FE8F2BDBD8A9 /* libPods-Flixx.a */,
				2EC757DFFCF1CB0EAE7407E6 /* libPods-FlixxTests.a */,
				21C38630D2D16955CBCEB2CD /* libPods-FlixxUITests.a */,
			);
			name = Frameworks;
			sourceTree = "<group>";
		};
/* End PBXGroup section */

/* Begin PBXNativeTarget section */
		0A44BBF120E40ADB0049626A /* Flixx */ = {
			isa = PBXNativeTarget;
			buildConfigurationList = 0A44BC1E20E40ADC0049626A /* Build configuration list for PBXNativeTarget "Flixx" */;
			buildPhases = (
				764AF55F2BFAD489F1CB4EAE /* [CP] Check Pods Manifest.lock */,
				0A44BBEE20E40ADB0049626A /* Sources */,
				0A44BBEF20E40ADB0049626A /* Frameworks */,
				0A44BBF020E40ADB0049626A /* Resources */,
			);
			buildRules = (
			);
			dependencies = (
			);
			name = Flixx;
			productName = Flixx;
			productReference = 0A44BBF220E40ADB0049626A /* Flixx.app */;
			productType = "com.apple.product-type.application";
		};
		0A44BC0920E40ADC0049626A /* FlixxTests */ = {
			isa = PBXNativeTarget;
			buildConfigurationList = 0A44BC2120E40ADC0049626A /* Build configuration list for PBXNativeTarget "FlixxTests" */;
			buildPhases = (
				1029DFC7632973DF93FDFBAF /* [CP] Check Pods Manifest.lock */,
				0A44BC0620E40ADC0049626A /* Sources */,
				0A44BC0720E40ADC0049626A /* Frameworks */,
				0A44BC0820E40ADC0049626A /* Resources */,
			);
			buildRules = (
			);
			dependencies = (
				0A44BC0C20E40ADC0049626A /* PBXTargetDependency */,
			);
			name = FlixxTests;
			productName = FlixxTests;
			productReference = 0A44BC0A20E40ADC0049626A /* FlixxTests.xctest */;
			productType = "com.apple.product-type.bundle.unit-test";
		};
		0A44BC1420E40ADC0049626A /* FlixxUITests */ = {
			isa = PBXNativeTarget;
			buildConfigurationList = 0A44BC2420E40ADC0049626A /* Build configuration list for PBXNativeTarget "FlixxUITests" */;
			buildPhases = (
				5FBDA39B645F61C321C12CC6 /* [CP] Check Pods Manifest.lock */,
				0A44BC1120E40ADC0049626A /* Sources */,
				0A44BC1220E40ADC0049626A /* Frameworks */,
				0A44BC1320E40ADC0049626A /* Resources */,
			);
			buildRules = (
			);
			dependencies = (
				0A44BC1720E40ADC0049626A /* PBXTargetDependency */,
			);
			name = FlixxUITests;
			productName = FlixxUITests;
			productReference = 0A44BC1520E40ADC0049626A /* FlixxUITests.xctest */;
			productType = "com.apple.product-type.bundle.ui-testing";
		};
/* End PBXNativeTarget section */

/* Begin PBXProject section */
		0A44BBEA20E40ADB0049626A /* Project object */ = {
			isa = PBXProject;
			attributes = {
				LastUpgradeCheck = 0940;
				ORGANIZATIONNAME = "Nkenna Aniedobe";
				TargetAttributes = {
					0A44BBF120E40ADB0049626A = {
						CreatedOnToolsVersion = 9.4.1;
					};
					0A44BC0920E40ADC0049626A = {
						CreatedOnToolsVersion = 9.4.1;
						TestTargetID = 0A44BBF120E40ADB0049626A;
					};
					0A44BC1420E40ADC0049626A = {
						CreatedOnToolsVersion = 9.4.1;
						TestTargetID = 0A44BBF120E40ADB0049626A;
					};
				};
			};
			buildConfigurationList = 0A44BBED20E40ADB0049626A /* Build configuration list for PBXProject "Flixx" */;
			compatibilityVersion = "Xcode 9.3";
			developmentRegion = en;
			hasScannedForEncodings = 0;
			knownRegions = (
				en,
				Base,
			);
			mainGroup = 0A44BBE920E40ADB0049626A;
			productRefGroup = 0A44BBF320E40ADB0049626A /* Products */;
			projectDirPath = "";
			projectRoot = "";
			targets = (
				0A44BBF120E40ADB0049626A /* Flixx */,
				0A44BC0920E40ADC0049626A /* FlixxTests */,
				0A44BC1420E40ADC0049626A /* FlixxUITests */,
			);
		};
/* End PBXProject section */

/* Begin PBXResourcesBuildPhase section */
		0A44BBF020E40ADB0049626A /* Resources */ = {
			isa = PBXResourcesBuildPhase;
			buildActionMask = 2147483647;
			files = (
				0A44BC0220E40ADC0049626A /* LaunchScreen.storyboard in Resources */,
				0A44BBFF20E40ADC0049626A /* Assets.xcassets in Resources */,
				0A44BBFD20E40ADB0049626A /* Main.storyboard in Resources */,
			);
			runOnlyForDeploymentPostprocessing = 0;
		};
		0A44BC0820E40ADC0049626A /* Resources */ = {
			isa = PBXResourcesBuildPhase;
			buildActionMask = 2147483647;
			files = (
			);
			runOnlyForDeploymentPostprocessing = 0;
		};
		0A44BC1320E40ADC0049626A /* Resources */ = {
			isa = PBXResourcesBuildPhase;
			buildActionMask = 2147483647;
			files = (
			);
			runOnlyForDeploymentPostprocessing = 0;
		};
/* End PBXResourcesBuildPhase section */

/* Begin PBXShellScriptBuildPhase section */
		1029DFC7632973DF93FDFBAF /* [CP] Check Pods Manifest.lock */ = {
			isa = PBXShellScriptBuildPhase;
			buildActionMask = 2147483647;
			files = (
			);
			inputPaths = (
				"${PODS_PODFILE_DIR_PATH}/Podfile.lock",
				"${PODS_ROOT}/Manifest.lock",
			);
			name = "[CP] Check Pods Manifest.lock";
			outputPaths = (
				"$(DERIVED_FILE_DIR)/Pods-FlixxTests-checkManifestLockResult.txt",
			);
			runOnlyForDeploymentPostprocessing = 0;
			shellPath = /bin/sh;
			shellScript = "diff \"${PODS_PODFILE_DIR_PATH}/Podfile.lock\" \"${PODS_ROOT}/Manifest.lock\" > /dev/null\nif [ $? != 0 ] ; then\n    # print error to STDERR\n    echo \"error: The sandbox is not in sync with the Podfile.lock. Run 'pod install' or update your CocoaPods installation.\" >&2\n    exit 1\nfi\n# This output is used by Xcode 'outputs' to avoid re-running this script phase.\necho \"SUCCESS\" > \"${SCRIPT_OUTPUT_FILE_0}\"\n";
			showEnvVarsInLog = 0;
		};
		5FBDA39B645F61C321C12CC6 /* [CP] Check Pods Manifest.lock */ = {
			isa = PBXShellScriptBuildPhase;
			buildActionMask = 2147483647;
			files = (
			);
			inputPaths = (
				"${PODS_PODFILE_DIR_PATH}/Podfile.lock",
				"${PODS_ROOT}/Manifest.lock",
			);
			name = "[CP] Check Pods Manifest.lock";
			outputPaths = (
				"$(DERIVED_FILE_DIR)/Pods-FlixxUITests-checkManifestLockResult.txt",
			);
			runOnlyForDeploymentPostprocessing = 0;
			shellPath = /bin/sh;
			shellScript = "diff \"${PODS_PODFILE_DIR_PATH}/Podfile.lock\" \"${PODS_ROOT}/Manifest.lock\" > /dev/null\nif [ $? != 0 ] ; then\n    # print error to STDERR\n    echo \"error: The sandbox is not in sync with the Podfile.lock. Run 'pod install' or update your CocoaPods installation.\" >&2\n    exit 1\nfi\n# This output is used by Xcode 'outputs' to avoid re-running this script phase.\necho \"SUCCESS\" > \"${SCRIPT_OUTPUT_FILE_0}\"\n";
			showEnvVarsInLog = 0;
		};
		764AF55F2BFAD489F1CB4EAE /* [CP] Check Pods Manifest.lock */ = {
			isa = PBXShellScriptBuildPhase;
			buildActionMask = 2147483647;
			files = (
			);
			inputPaths = (
				"${PODS_PODFILE_DIR_PATH}/Podfile.lock",
				"${PODS_ROOT}/Manifest.lock",
			);
			name = "[CP] Check Pods Manifest.lock";
			outputPaths = (
				"$(DERIVED_FILE_DIR)/Pods-Flixx-checkManifestLockResult.txt",
			);
			runOnlyForDeploymentPostprocessing = 0;
			shellPath = /bin/sh;
			shellScript = "diff \"${PODS_PODFILE_DIR_PATH}/Podfile.lock\" \"${PODS_ROOT}/Manifest.lock\" > /dev/null\nif [ $? != 0 ] ; then\n    # print error to STDERR\n    echo \"error: The sandbox is not in sync with the Podfile.lock. Run 'pod install' or update your CocoaPods installation.\" >&2\n    exit 1\nfi\n# This output is used by Xcode 'outputs' to avoid re-running this script phase.\necho \"SUCCESS\" > \"${SCRIPT_OUTPUT_FILE_0}\"\n";
			showEnvVarsInLog = 0;
		};
/* End PBXShellScriptBuildPhase section */

/* Begin PBXSourcesBuildPhase section */
		0A44BBEE20E40ADB0049626A /* Sources */ = {
			isa = PBXSourcesBuildPhase;
			buildActionMask = 2147483647;
			files = (
				0A44BC0520E40ADC0049626A /* main.m in Sources */,
				0A44BBF720E40ADB0049626A /* AppDelegate.m in Sources */,
				0A2CEA1920E58D7900CD2A3F /* DetailView.m in Sources */,
				0AA54A1A20E55C0D005C3B54 /* MovieCell.m in Sources */,
				0A44BC2920E4162E0049626A /* MoviesViewController.m in Sources */,
				0A82259F20E6E4AA00F1E42B /* TrailerViewViewController.m in Sources */,
			);
			runOnlyForDeploymentPostprocessing = 0;
		};
		0A44BC0620E40ADC0049626A /* Sources */ = {
			isa = PBXSourcesBuildPhase;
			buildActionMask = 2147483647;
			files = (
				0A44BC0F20E40ADC0049626A /* FlixxTests.m in Sources */,
			);
			runOnlyForDeploymentPostprocessing = 0;
		};
		0A44BC1120E40ADC0049626A /* Sources */ = {
			isa = PBXSourcesBuildPhase;
			buildActionMask = 2147483647;
			files = (
				0A44BC1A20E40ADC0049626A /* FlixxUITests.m in Sources */,
			);
			runOnlyForDeploymentPostprocessing = 0;
		};
/* End PBXSourcesBuildPhase section */

/* Begin PBXTargetDependency section */
		0A44BC0C20E40ADC0049626A /* PBXTargetDependency */ = {
			isa = PBXTargetDependency;
			target = 0A44BBF120E40ADB0049626A /* Flixx */;
			targetProxy = 0A44BC0B20E40ADC0049626A /* PBXContainerItemProxy */;
		};
		0A44BC1720E40ADC0049626A /* PBXTargetDependency */ = {
			isa = PBXTargetDependency;
			target = 0A44BBF120E40ADB0049626A /* Flixx */;
			targetProxy = 0A44BC1620E40ADC0049626A /* PBXContainerItemProxy */;
		};
/* End PBXTargetDependency section */

/* Begin PBXVariantGroup section */
		0A44BBFB20E40ADB0049626A /* Main.storyboard */ = {
			isa = PBXVariantGroup;
			children = (
				0A44BBFC20E40ADB0049626A /* Base */,
			);
			name = Main.storyboard;
			sourceTree = "<group>";
		};
		0A44BC0020E40ADC0049626A /* LaunchScreen.storyboard */ = {
			isa = PBXVariantGroup;
			children = (
				0A44BC0120E40ADC0049626A /* Base */,
			);
			name = LaunchScreen.storyboard;
			sourceTree = "<group>";
		};
/* End PBXVariantGroup section */

/* Begin XCBuildConfiguration section */
		0A44BC1C20E40ADC0049626A /* Debug */ = {
			isa = XCBuildConfiguration;
			buildSettings = {
				ALWAYS_SEARCH_USER_PATHS = NO;
				CLANG_ANALYZER_NONNULL = YES;
				CLANG_ANALYZER_NUMBER_OBJECT_CONVERSION = YES_AGGRESSIVE;
				CLANG_CXX_LANGUAGE_STANDARD = "gnu++14";
				CLANG_CXX_LIBRARY = "libc++";
				CLANG_ENABLE_MODULES = YES;
				CLANG_ENABLE_OBJC_ARC = YES;
				CLANG_ENABLE_OBJC_WEAK = YES;
				CLANG_WARN_BLOCK_CAPTURE_AUTORELEASING = YES;
				CLANG_WARN_BOOL_CONVERSION = YES;
				CLANG_WARN_COMMA = YES;
				CLANG_WARN_CONSTANT_CONVERSION = YES;
				CLANG_WARN_DEPRECATED_OBJC_IMPLEMENTATIONS = YES;
				CLANG_WARN_DIRECT_OBJC_ISA_USAGE = YES_ERROR;
				CLANG_WARN_DOCUMENTATION_COMMENTS = YES;
				CLANG_WARN_EMPTY_BODY = YES;
				CLANG_WARN_ENUM_CONVERSION = YES;
				CLANG_WARN_INFINITE_RECURSION = YES;
				CLANG_WARN_INT_CONVERSION = YES;
				CLANG_WARN_NON_LITERAL_NULL_CONVERSION = YES;
				CLANG_WARN_OBJC_IMPLICIT_RETAIN_SELF = YES;
				CLANG_WARN_OBJC_LITERAL_CONVERSION = YES;
				CLANG_WARN_OBJC_ROOT_CLASS = YES_ERROR;
				CLANG_WARN_RANGE_LOOP_ANALYSIS = YES;
				CLANG_WARN_STRICT_PROTOTYPES = YES;
				CLANG_WARN_SUSPICIOUS_MOVE = YES;
				CLANG_WARN_UNGUARDED_AVAILABILITY = YES_AGGRESSIVE;
				CLANG_WARN_UNREACHABLE_CODE = YES;
				CLANG_WARN__DUPLICATE_METHOD_MATCH = YES;
				CODE_SIGN_IDENTITY = "iPhone Developer";
				COPY_PHASE_STRIP = NO;
				DEBUG_INFORMATION_FORMAT = dwarf;
				ENABLE_STRICT_OBJC_MSGSEND = YES;
				ENABLE_TESTABILITY = YES;
				GCC_C_LANGUAGE_STANDARD = gnu11;
				GCC_DYNAMIC_NO_PIC = NO;
				GCC_NO_COMMON_BLOCKS = YES;
				GCC_OPTIMIZATION_LEVEL = 0;
				GCC_PREPROCESSOR_DEFINITIONS = (
					"DEBUG=1",
					"$(inherited)",
				);
				GCC_WARN_64_TO_32_BIT_CONVERSION = YES;
				GCC_WARN_ABOUT_RETURN_TYPE = YES_ERROR;
				GCC_WARN_UNDECLARED_SELECTOR = YES;
				GCC_WARN_UNINITIALIZED_AUTOS = YES_AGGRESSIVE;
				GCC_WARN_UNUSED_FUNCTION = YES;
				GCC_WARN_UNUSED_VARIABLE = YES;
				IPHONEOS_DEPLOYMENT_TARGET = 11.4;
				MTL_ENABLE_DEBUG_INFO = YES;
				ONLY_ACTIVE_ARCH = YES;
				SDKROOT = iphoneos;
			};
			name = Debug;
		};
		0A44BC1D20E40ADC0049626A /* Release */ = {
			isa = XCBuildConfiguration;
			buildSettings = {
				ALWAYS_SEARCH_USER_PATHS = NO;
				CLANG_ANALYZER_NONNULL = YES;
				CLANG_ANALYZER_NUMBER_OBJECT_CONVERSION = YES_AGGRESSIVE;
				CLANG_CXX_LANGUAGE_STANDARD = "gnu++14";
				CLANG_CXX_LIBRARY = "libc++";
				CLANG_ENABLE_MODULES = YES;
				CLANG_ENABLE_OBJC_ARC = YES;
				CLANG_ENABLE_OBJC_WEAK = YES;
				CLANG_WARN_BLOCK_CAPTURE_AUTORELEASING = YES;
				CLANG_WARN_BOOL_CONVERSION = YES;
				CLANG_WARN_COMMA = YES;
				CLANG_WARN_CONSTANT_CONVERSION = YES;
				CLANG_WARN_DEPRECATED_OBJC_IMPLEMENTATIONS = YES;
				CLANG_WARN_DIRECT_OBJC_ISA_USAGE = YES_ERROR;
				CLANG_WARN_DOCUMENTATION_COMMENTS = YES;
				CLANG_WARN_EMPTY_BODY = YES;
				CLANG_WARN_ENUM_CONVERSION = YES;
				CLANG_WARN_INFINITE_RECURSION = YES;
				CLANG_WARN_INT_CONVERSION = YES;
				CLANG_WARN_NON_LITERAL_NULL_CONVERSION = YES;
				CLANG_WARN_OBJC_IMPLICIT_RETAIN_SELF = YES;
				CLANG_WARN_OBJC_LITERAL_CONVERSION = YES;
				CLANG_WARN_OBJC_ROOT_CLASS = YES_ERROR;
				CLANG_WARN_RANGE_LOOP_ANALYSIS = YES;
				CLANG_WARN_STRICT_PROTOTYPES = YES;
				CLANG_WARN_SUSPICIOUS_MOVE = YES;
				CLANG_WARN_UNGUARDED_AVAILABILITY = YES_AGGRESSIVE;
				CLANG_WARN_UNREACHABLE_CODE = YES;
				CLANG_WARN__DUPLICATE_METHOD_MATCH = YES;
				CODE_SIGN_IDENTITY = "iPhone Developer";
				COPY_PHASE_STRIP = NO;
				DEBUG_INFORMATION_FORMAT = "dwarf-with-dsym";
				ENABLE_NS_ASSERTIONS = NO;
				ENABLE_STRICT_OBJC_MSGSEND = YES;
				GCC_C_LANGUAGE_STANDARD = gnu11;
				GCC_NO_COMMON_BLOCKS = YES;
				GCC_WARN_64_TO_32_BIT_CONVERSION = YES;
				GCC_WARN_ABOUT_RETURN_TYPE = YES_ERROR;
				GCC_WARN_UNDECLARED_SELECTOR = YES;
				GCC_WARN_UNINITIALIZED_AUTOS = YES_AGGRESSIVE;
				GCC_WARN_UNUSED_FUNCTION = YES;
				GCC_WARN_UNUSED_VARIABLE = YES;
				IPHONEOS_DEPLOYMENT_TARGET = 11.4;
				MTL_ENABLE_DEBUG_INFO = NO;
				SDKROOT = iphoneos;
				VALIDATE_PRODUCT = YES;
			};
			name = Release;
		};
		0A44BC1F20E40ADC0049626A /* Debug */ = {
			isa = XCBuildConfiguration;
			baseConfigurationReference = 3B8DD910B984B1D4402071AE /* Pods-Flixx.debug.xcconfig */;
			buildSettings = {
				ASSETCATALOG_COMPILER_APPICON_NAME = AppIcon;
				CODE_SIGN_STYLE = Automatic;
				INFOPLIST_FILE = Flixx/Info.plist;
				LD_RUNPATH_SEARCH_PATHS = (
					"$(inherited)",
					"@executable_path/Frameworks",
				);
				PRODUCT_BUNDLE_IDENTIFIER = "FBU-2018.Flixx";
				PRODUCT_NAME = "$(TARGET_NAME)";
				TARGETED_DEVICE_FAMILY = "1,2";
			};
			name = Debug;
		};
		0A44BC2020E40ADC0049626A /* Release */ = {
			isa = XCBuildConfiguration;
			baseConfigurationReference = 2C85FFA5DB5A60C35D68CCDF /* Pods-Flixx.release.xcconfig */;
			buildSettings = {
				ASSETCATALOG_COMPILER_APPICON_NAME = AppIcon;
				CODE_SIGN_STYLE = Automatic;
				INFOPLIST_FILE = Flixx/Info.plist;
				LD_RUNPATH_SEARCH_PATHS = (
					"$(inherited)",
					"@executable_path/Frameworks",
				);
				PRODUCT_BUNDLE_IDENTIFIER = "FBU-2018.Flixx";
				PRODUCT_NAME = "$(TARGET_NAME)";
				TARGETED_DEVICE_FAMILY = "1,2";
			};
			name = Release;
		};
		0A44BC2220E40ADC0049626A /* Debug */ = {
			isa = XCBuildConfiguration;
			baseConfigurationReference = B6A0BFE37D56E4E7578FB60F /* Pods-FlixxTests.debug.xcconfig */;
			buildSettings = {
				BUNDLE_LOADER = "$(TEST_HOST)";
				CODE_SIGN_STYLE = Automatic;
				INFOPLIST_FILE = FlixxTests/Info.plist;
				LD_RUNPATH_SEARCH_PATHS = (
					"$(inherited)",
					"@executable_path/Frameworks",
					"@loader_path/Frameworks",
				);
				PRODUCT_BUNDLE_IDENTIFIER = "FBU-2018.FlixxTests";
				PRODUCT_NAME = "$(TARGET_NAME)";
				TARGETED_DEVICE_FAMILY = "1,2";
				TEST_HOST = "$(BUILT_PRODUCTS_DIR)/Flixx.app/Flixx";
			};
			name = Debug;
		};
		0A44BC2320E40ADC0049626A /* Release */ = {
			isa = XCBuildConfiguration;
			baseConfigurationReference = EAC2758013188BA3F42922D2 /* Pods-FlixxTests.release.xcconfig */;
			buildSettings = {
				BUNDLE_LOADER = "$(TEST_HOST)";
				CODE_SIGN_STYLE = Automatic;
				INFOPLIST_FILE = FlixxTests/Info.plist;
				LD_RUNPATH_SEARCH_PATHS = (
					"$(inherited)",
					"@executable_path/Frameworks",
					"@loader_path/Frameworks",
				);
				PRODUCT_BUNDLE_IDENTIFIER = "FBU-2018.FlixxTests";
				PRODUCT_NAME = "$(TARGET_NAME)";
				TARGETED_DEVICE_FAMILY = "1,2";
				TEST_HOST = "$(BUILT_PRODUCTS_DIR)/Flixx.app/Flixx";
			};
			name = Release;
		};
		0A44BC2520E40ADC0049626A /* Debug */ = {
			isa = XCBuildConfiguration;
			baseConfigurationReference = A94E41121E68C84C0E0C8687 /* Pods-FlixxUITests.debug.xcconfig */;
			buildSettings = {
				CODE_SIGN_STYLE = Automatic;
				INFOPLIST_FILE = FlixxUITests/Info.plist;
				LD_RUNPATH_SEARCH_PATHS = (
					"$(inherited)",
					"@executable_path/Frameworks",
					"@loader_path/Frameworks",
				);
				PRODUCT_BUNDLE_IDENTIFIER = "FBU-2018.FlixxUITests";
				PRODUCT_NAME = "$(TARGET_NAME)";
				TARGETED_DEVICE_FAMILY = "1,2";
				TEST_TARGET_NAME = Flixx;
			};
			name = Debug;
		};
		0A44BC2620E40ADC0049626A /* Release */ = {
			isa = XCBuildConfiguration;
			baseConfigurationReference = 1D6EB693E71A3E20D1BD4CE6 /* Pods-FlixxUITests.release.xcconfig */;
			buildSettings = {
				CODE_SIGN_STYLE = Automatic;
				INFOPLIST_FILE = FlixxUITests/Info.plist;
				LD_RUNPATH_SEARCH_PATHS = (
					"$(inherited)",
					"@executable_path/Frameworks",
					"@loader_path/Frameworks",
				);
				PRODUCT_BUNDLE_IDENTIFIER = "FBU-2018.FlixxUITests";
				PRODUCT_NAME = "$(TARGET_NAME)";
				TARGETED_DEVICE_FAMILY = "1,2";
				TEST_TARGET_NAME = Flixx;
			};
			name = Release;
		};
/* End XCBuildConfiguration section */

/* Begin XCConfigurationList section */
		0A44BBED20E40ADB0049626A /* Build configuration list for PBXProject "Flixx" */ = {
			isa = XCConfigurationList;
			buildConfigurations = (
				0A44BC1C20E40ADC0049626A /* Debug */,
				0A44BC1D20E40ADC0049626A /* Release */,
			);
			defaultConfigurationIsVisible = 0;
			defaultConfigurationName = Release;
		};
		0A44BC1E20E40ADC0049626A /* Build configuration list for PBXNativeTarget "Flixx" */ = {
			isa = XCConfigurationList;
			buildConfigurations = (
				0A44BC1F20E40ADC0049626A /* Debug */,
				0A44BC2020E40ADC0049626A /* Release */,
			);
			defaultConfigurationIsVisible = 0;
			defaultConfigurationName = Release;
		};
		0A44BC2120E40ADC0049626A /* Build configuration list for PBXNativeTarget "FlixxTests" */ = {
			isa = XCConfigurationList;
			buildConfigurations = (
				0A44BC2220E40ADC0049626A /* Debug */,
				0A44BC2320E40ADC0049626A /* Release */,
			);
			defaultConfigurationIsVisible = 0;
			defaultConfigurationName = Release;
		};
		0A44BC2420E40ADC0049626A /* Build configuration list for PBXNativeTarget "FlixxUITests" */ = {
			isa = XCConfigurationList;
			buildConfigurations = (
				0A44BC2520E40ADC0049626A /* Debug */,
				0A44BC2620E40ADC0049626A /* Release */,
			);
			defaultConfigurationIsVisible = 0;
			defaultConfigurationName = Release;
		};
/* End XCConfigurationList section */
	};
	rootObject = 0A44BBEA20E40ADB0049626A /* Project object */;
}
